// !$*UTF8*$!
{
	archiveVersion = 1;
	classes = {
	};
	objectVersion = 56;
	objects = {

/* Begin PBXBuildFile section */
		DAB28B1D2BE4E9C6001FC02E /* AppDelegate.swift in Sources */ = {isa = PBXBuildFile; fileRef = DAB28B1C2BE4E9C6001FC02E /* AppDelegate.swift */; };
		DAB28B1F2BE4E9C6001FC02E /* SceneDelegate.swift in Sources */ = {isa = PBXBuildFile; fileRef = DAB28B1E2BE4E9C6001FC02E /* SceneDelegate.swift */; };
		DAB28B212BE4E9C6001FC02E /* ViewController.swift in Sources */ = {isa = PBXBuildFile; fileRef = DAB28B202BE4E9C6001FC02E /* ViewController.swift */; };
		DAB28B262BE4E9CB001FC02E /* Assets.xcassets in Resources */ = {isa = PBXBuildFile; fileRef = DAB28B252BE4E9CB001FC02E /* Assets.xcassets */; };
		DAB28B292BE4E9CB001FC02E /* Base in Resources */ = {isa = PBXBuildFile; fileRef = DAB28B282BE4E9CB001FC02E /* Base */; };
		DAB28B3C2BE4EB2D001FC02E /* MainpagePresenter.swift in Sources */ = {isa = PBXBuildFile; fileRef = DAB28B362BE4EB2D001FC02E /* MainpagePresenter.swift */; };
		DAB28B3D2BE4EB2D001FC02E /* MainpageWorker.swift in Sources */ = {isa = PBXBuildFile; fileRef = DAB28B372BE4EB2D001FC02E /* MainpageWorker.swift */; };
		DAB28B3E2BE4EB2D001FC02E /* MainpageRouter.swift in Sources */ = {isa = PBXBuildFile; fileRef = DAB28B382BE4EB2D001FC02E /* MainpageRouter.swift */; };
		DAB28B3F2BE4EB2D001FC02E /* MainpageModels.swift in Sources */ = {isa = PBXBuildFile; fileRef = DAB28B392BE4EB2D001FC02E /* MainpageModels.swift */; };
		DAB28B402BE4EB2D001FC02E /* MainpageViewController.swift in Sources */ = {isa = PBXBuildFile; fileRef = DAB28B3A2BE4EB2D001FC02E /* MainpageViewController.swift */; };
		DAB28B412BE4EB2D001FC02E /* MainpageInteractor.swift in Sources */ = {isa = PBXBuildFile; fileRef = DAB28B3B2BE4EB2D001FC02E /* MainpageInteractor.swift */; };
		DAB28B432BE4FA91001FC02E /* Mainpage.xib in Resources */ = {isa = PBXBuildFile; fileRef = DAB28B422BE4FA91001FC02E /* Mainpage.xib */; };
		DADCEF392BE51B110008E95A /* NetworkAPI.swift in Sources */ = {isa = PBXBuildFile; fileRef = DADCEF382BE51B110008E95A /* NetworkAPI.swift */; };
		DADCEF3C2BE51B810008E95A /* WeatherModel.swift in Sources */ = {isa = PBXBuildFile; fileRef = DADCEF3B2BE51B810008E95A /* WeatherModel.swift */; };
		DADCEF3F2BE5281C0008E95A /* WeatherDate.swift in Sources */ = {isa = PBXBuildFile; fileRef = DADCEF3E2BE5281C0008E95A /* WeatherDate.swift */; };
		DADCEF442BE5323A0008E95A /* ShowDailyWeatherTableViewCell.xib in Resources */ = {isa = PBXBuildFile; fileRef = DADCEF432BE5323A0008E95A /* ShowDailyWeatherTableViewCell.xib */; };
		DADCEF452BE5323A0008E95A /* ShowDailyWeatherTableViewCell.swift in Sources */ = {isa = PBXBuildFile; fileRef = DADCEF422BE5323A0008E95A /* ShowDailyWeatherTableViewCell.swift */; };
		DADCEF4F2BE54DA30008E95A /* SelectDateWeatherPresenter.swift in Sources */ = {isa = PBXBuildFile; fileRef = DADCEF492BE54DA30008E95A /* SelectDateWeatherPresenter.swift */; };
		DADCEF502BE54DA30008E95A /* SelectDateWeatherWorker.swift in Sources */ = {isa = PBXBuildFile; fileRef = DADCEF4A2BE54DA30008E95A /* SelectDateWeatherWorker.swift */; };
		DADCEF512BE54DA30008E95A /* SelectDateWeatherRouter.swift in Sources */ = {isa = PBXBuildFile; fileRef = DADCEF4B2BE54DA30008E95A /* SelectDateWeatherRouter.swift */; };
		DADCEF522BE54DA30008E95A /* SelectDateWeatherModels.swift in Sources */ = {isa = PBXBuildFile; fileRef = DADCEF4C2BE54DA30008E95A /* SelectDateWeatherModels.swift */; };
		DADCEF532BE54DA30008E95A /* SelectDateWeatherViewController.swift in Sources */ = {isa = PBXBuildFile; fileRef = DADCEF4D2BE54DA30008E95A /* SelectDateWeatherViewController.swift */; };
		DADCEF542BE54DA30008E95A /* SelectDateWeatherInteractor.swift in Sources */ = {isa = PBXBuildFile; fileRef = DADCEF4E2BE54DA30008E95A /* SelectDateWeatherInteractor.swift */; };
		DADCEF562BE54DB10008E95A /* SelectDateWeather.xib in Resources */ = {isa = PBXBuildFile; fileRef = DADCEF552BE54DB10008E95A /* SelectDateWeather.xib */; };
		DADCEF582BE54F8C0008E95A /* DisplayWeatherTimeModel.swift in Sources */ = {isa = PBXBuildFile; fileRef = DADCEF572BE54F8C0008E95A /* DisplayWeatherTimeModel.swift */; };
/* End PBXBuildFile section */

/* Begin PBXFileReference section */
		DAB28B192BE4E9C6001FC02E /* WeatherApp.app */ = {isa = PBXFileReference; explicitFileType = wrapper.application; includeInIndex = 0; path = WeatherApp.app; sourceTree = BUILT_PRODUCTS_DIR; };
		DAB28B1C2BE4E9C6001FC02E /* AppDelegate.swift */ = {isa = PBXFileReference; lastKnownFileType = sourcecode.swift; path = AppDelegate.swift; sourceTree = "<group>"; };
		DAB28B1E2BE4E9C6001FC02E /* SceneDelegate.swift */ = {isa = PBXFileReference; lastKnownFileType = sourcecode.swift; path = SceneDelegate.swift; sourceTree = "<group>"; };
		DAB28B202BE4E9C6001FC02E /* ViewController.swift */ = {isa = PBXFileReference; lastKnownFileType = sourcecode.swift; path = ViewController.swift; sourceTree = "<group>"; };
		DAB28B252BE4E9CB001FC02E /* Assets.xcassets */ = {isa = PBXFileReference; lastKnownFileType = folder.assetcatalog; path = Assets.xcassets; sourceTree = "<group>"; };
		DAB28B282BE4E9CB001FC02E /* Base */ = {isa = PBXFileReference; lastKnownFileType = file.storyboard; name = Base; path = Base.lproj/LaunchScreen.storyboard; sourceTree = "<group>"; };
		DAB28B2A2BE4E9CB001FC02E /* Info.plist */ = {isa = PBXFileReference; lastKnownFileType = text.plist.xml; path = Info.plist; sourceTree = "<group>"; };
		DAB28B362BE4EB2D001FC02E /* MainpagePresenter.swift */ = {isa = PBXFileReference; lastKnownFileType = sourcecode.swift; path = MainpagePresenter.swift; sourceTree = "<group>"; };
		DAB28B372BE4EB2D001FC02E /* MainpageWorker.swift */ = {isa = PBXFileReference; lastKnownFileType = sourcecode.swift; path = MainpageWorker.swift; sourceTree = "<group>"; };
		DAB28B382BE4EB2D001FC02E /* MainpageRouter.swift */ = {isa = PBXFileReference; lastKnownFileType = sourcecode.swift; path = MainpageRouter.swift; sourceTree = "<group>"; };
		DAB28B392BE4EB2D001FC02E /* MainpageModels.swift */ = {isa = PBXFileReference; lastKnownFileType = sourcecode.swift; path = MainpageModels.swift; sourceTree = "<group>"; };
		DAB28B3A2BE4EB2D001FC02E /* MainpageViewController.swift */ = {isa = PBXFileReference; lastKnownFileType = sourcecode.swift; path = MainpageViewController.swift; sourceTree = "<group>"; };
		DAB28B3B2BE4EB2D001FC02E /* MainpageInteractor.swift */ = {isa = PBXFileReference; lastKnownFileType = sourcecode.swift; path = MainpageInteractor.swift; sourceTree = "<group>"; };
		DAB28B422BE4FA91001FC02E /* Mainpage.xib */ = {isa = PBXFileReference; fileEncoding = 4; lastKnownFileType = file.xib; path = Mainpage.xib; sourceTree = "<group>"; };
		DADCEF382BE51B110008E95A /* NetworkAPI.swift */ = {isa = PBXFileReference; lastKnownFileType = sourcecode.swift; path = NetworkAPI.swift; sourceTree = "<group>"; };
		DADCEF3B2BE51B810008E95A /* WeatherModel.swift */ = {isa = PBXFileReference; lastKnownFileType = sourcecode.swift; path = WeatherModel.swift; sourceTree = "<group>"; };
		DADCEF3E2BE5281C0008E95A /* WeatherDate.swift */ = {isa = PBXFileReference; lastKnownFileType = sourcecode.swift; path = WeatherDate.swift; sourceTree = "<group>"; };
		DADCEF422BE5323A0008E95A /* ShowDailyWeatherTableViewCell.swift */ = {isa = PBXFileReference; lastKnownFileType = sourcecode.swift; path = ShowDailyWeatherTableViewCell.swift; sourceTree = "<group>"; };
		DADCEF432BE5323A0008E95A /* ShowDailyWeatherTableViewCell.xib */ = {isa = PBXFileReference; lastKnownFileType = file.xib; path = ShowDailyWeatherTableViewCell.xib; sourceTree = "<group>"; };
		DADCEF492BE54DA30008E95A /* SelectDateWeatherPresenter.swift */ = {isa = PBXFileReference; lastKnownFileType = sourcecode.swift; path = SelectDateWeatherPresenter.swift; sourceTree = "<group>"; };
		DADCEF4A2BE54DA30008E95A /* SelectDateWeatherWorker.swift */ = {isa = PBXFileReference; lastKnownFileType = sourcecode.swift; path = SelectDateWeatherWorker.swift; sourceTree = "<group>"; };
		DADCEF4B2BE54DA30008E95A /* SelectDateWeatherRouter.swift */ = {isa = PBXFileReference; lastKnownFileType = sourcecode.swift; path = SelectDateWeatherRouter.swift; sourceTree = "<group>"; };
		DADCEF4C2BE54DA30008E95A /* SelectDateWeatherModels.swift */ = {isa = PBXFileReference; lastKnownFileType = sourcecode.swift; path = SelectDateWeatherModels.swift; sourceTree = "<group>"; };
		DADCEF4D2BE54DA30008E95A /* SelectDateWeatherViewController.swift */ = {isa = PBXFileReference; lastKnownFileType = sourcecode.swift; path = SelectDateWeatherViewController.swift; sourceTree = "<group>"; };
		DADCEF4E2BE54DA30008E95A /* SelectDateWeatherInteractor.swift */ = {isa = PBXFileReference; lastKnownFileType = sourcecode.swift; path = SelectDateWeatherInteractor.swift; sourceTree = "<group>"; };
		DADCEF552BE54DB10008E95A /* SelectDateWeather.xib */ = {isa = PBXFileReference; lastKnownFileType = file.xib; path = SelectDateWeather.xib; sourceTree = "<group>"; };
		DADCEF572BE54F8C0008E95A /* DisplayWeatherTimeModel.swift */ = {isa = PBXFileReference; lastKnownFileType = sourcecode.swift; path = DisplayWeatherTimeModel.swift; sourceTree = "<group>"; };
/* End PBXFileReference section */

/* Begin PBXFrameworksBuildPhase section */
		DAB28B162BE4E9C6001FC02E /* Frameworks */ = {
			isa = PBXFrameworksBuildPhase;
			buildActionMask = 2147483647;
			files = (
			);
			runOnlyForDeploymentPostprocessing = 0;
		};
/* End PBXFrameworksBuildPhase section */

/* Begin PBXGroup section */
		DAB28B102BE4E9C6001FC02E = {
			isa = PBXGroup;
			children = (
				DAB28B1B2BE4E9C6001FC02E /* WeatherApp */,
				DAB28B1A2BE4E9C6001FC02E /* Products */,
			);
			sourceTree = "<group>";
		};
		DAB28B1A2BE4E9C6001FC02E /* Products */ = {
			isa = PBXGroup;
			children = (
				DAB28B192BE4E9C6001FC02E /* WeatherApp.app */,
			);
			name = Products;
			sourceTree = "<group>";
		};
		DAB28B1B2BE4E9C6001FC02E /* WeatherApp */ = {
			isa = PBXGroup;
			children = (
				DADCEF402BE531EE0008E95A /* UITableViewCell */,
				DADCEF3D2BE528130008E95A /* Class */,
				DADCEF3A2BE51B790008E95A /* Model */,
				DADCEF362BE51AF00008E95A /* Network */,
				DAB28B302BE4EAE5001FC02E /* Feature */,
				DAB28B1C2BE4E9C6001FC02E /* AppDelegate.swift */,
				DAB28B1E2BE4E9C6001FC02E /* SceneDelegate.swift */,
				DAB28B202BE4E9C6001FC02E /* ViewController.swift */,
				DAB28B252BE4E9CB001FC02E /* Assets.xcassets */,
				DAB28B272BE4E9CB001FC02E /* LaunchScreen.storyboard */,
				DAB28B2A2BE4E9CB001FC02E /* Info.plist */,
			);
			path = WeatherApp;
			sourceTree = "<group>";
		};
		DAB28B302BE4EAE5001FC02E /* Feature */ = {
			isa = PBXGroup;
			children = (
				DADCEF462BE54D7D0008E95A /* SelectDateWeather */,
				DAB28B312BE4EAEA001FC02E /* Mainpage */,
			);
			path = Feature;
			sourceTree = "<group>";
		};
		DAB28B312BE4EAEA001FC02E /* Mainpage */ = {
			isa = PBXGroup;
			children = (
				DAB28B332BE4EAF7001FC02E /* Xib */,
				DAB28B322BE4EAEF001FC02E /* Scene */,
			);
			path = Mainpage;
			sourceTree = "<group>";
		};
		DAB28B322BE4EAEF001FC02E /* Scene */ = {
			isa = PBXGroup;
			children = (
				DAB28B362BE4EB2D001FC02E /* MainpagePresenter.swift */,
				DAB28B372BE4EB2D001FC02E /* MainpageWorker.swift */,
				DAB28B382BE4EB2D001FC02E /* MainpageRouter.swift */,
				DAB28B392BE4EB2D001FC02E /* MainpageModels.swift */,
				DAB28B3A2BE4EB2D001FC02E /* MainpageViewController.swift */,
				DAB28B3B2BE4EB2D001FC02E /* MainpageInteractor.swift */,
			);
			path = Scene;
			sourceTree = "<group>";
		};
		DAB28B332BE4EAF7001FC02E /* Xib */ = {
			isa = PBXGroup;
			children = (
				DAB28B422BE4FA91001FC02E /* Mainpage.xib */,
			);
			path = Xib;
			sourceTree = "<group>";
		};
		DADCEF362BE51AF00008E95A /* Network */ = {
			isa = PBXGroup;
			children = (
				DADCEF382BE51B110008E95A /* NetworkAPI.swift */,
			);
			path = Network;
			sourceTree = "<group>";
		};
		DADCEF3A2BE51B790008E95A /* Model */ = {
			isa = PBXGroup;
			children = (
				DADCEF3B2BE51B810008E95A /* WeatherModel.swift */,
				DADCEF572BE54F8C0008E95A /* DisplayWeatherTimeModel.swift */,
			);
			path = Model;
			sourceTree = "<group>";
		};
		DADCEF3D2BE528130008E95A /* Class */ = {
			isa = PBXGroup;
			children = (
				DADCEF3E2BE5281C0008E95A /* WeatherDate.swift */,
			);
			path = Class;
			sourceTree = "<group>";
		};
		DADCEF402BE531EE0008E95A /* UITableViewCell */ = {
			isa = PBXGroup;
			children = (
				DADCEF412BE531F90008E95A /* ShowDailyWeatherTableViewCell */,
			);
			path = UITableViewCell;
			sourceTree = "<group>";
		};
		DADCEF412BE531F90008E95A /* ShowDailyWeatherTableViewCell */ = {
			isa = PBXGroup;
			children = (
				DADCEF422BE5323A0008E95A /* ShowDailyWeatherTableViewCell.swift */,
				DADCEF432BE5323A0008E95A /* ShowDailyWeatherTableViewCell.xib */,
			);
			path = ShowDailyWeatherTableViewCell;
			sourceTree = "<group>";
		};
		DADCEF462BE54D7D0008E95A /* SelectDateWeather */ = {
			isa = PBXGroup;
			children = (
				DADCEF482BE54D970008E95A /* Xib */,
				DADCEF472BE54D910008E95A /* Scene */,
			);
			path = SelectDateWeather;
			sourceTree = "<group>";
		};
		DADCEF472BE54D910008E95A /* Scene */ = {
			isa = PBXGroup;
			children = (
				DADCEF492BE54DA30008E95A /* SelectDateWeatherPresenter.swift */,
				DADCEF4A2BE54DA30008E95A /* SelectDateWeatherWorker.swift */,
				DADCEF4B2BE54DA30008E95A /* SelectDateWeatherRouter.swift */,
				DADCEF4C2BE54DA30008E95A /* SelectDateWeatherModels.swift */,
				DADCEF4D2BE54DA30008E95A /* SelectDateWeatherViewController.swift */,
				DADCEF4E2BE54DA30008E95A /* SelectDateWeatherInteractor.swift */,
			);
			path = Scene;
			sourceTree = "<group>";
		};
		DADCEF482BE54D970008E95A /* Xib */ = {
			isa = PBXGroup;
			children = (
				DADCEF552BE54DB10008E95A /* SelectDateWeather.xib */,
			);
			path = Xib;
			sourceTree = "<group>";
		};
/* End PBXGroup section */

/* Begin PBXNativeTarget section */
		DAB28B182BE4E9C6001FC02E /* WeatherApp */ = {
			isa = PBXNativeTarget;
			buildConfigurationList = DAB28B2D2BE4E9CB001FC02E /* Build configuration list for PBXNativeTarget "WeatherApp" */;
			buildPhases = (
				DAB28B152BE4E9C6001FC02E /* Sources */,
				DAB28B162BE4E9C6001FC02E /* Frameworks */,
				DAB28B172BE4E9C6001FC02E /* Resources */,
			);
			buildRules = (
			);
			dependencies = (
			);
			name = WeatherApp;
			productName = WeatherApp;
			productReference = DAB28B192BE4E9C6001FC02E /* WeatherApp.app */;
			productType = "com.apple.product-type.application";
		};
/* End PBXNativeTarget section */

/* Begin PBXProject section */
		DAB28B112BE4E9C6001FC02E /* Project object */ = {
			isa = PBXProject;
			attributes = {
				BuildIndependentTargetsInParallel = 1;
				LastSwiftUpdateCheck = 1530;
				LastUpgradeCheck = 1530;
				TargetAttributes = {
					DAB28B182BE4E9C6001FC02E = {
						CreatedOnToolsVersion = 15.3;
					};
				};
			};
			buildConfigurationList = DAB28B142BE4E9C6001FC02E /* Build configuration list for PBXProject "WeatherApp" */;
			compatibilityVersion = "Xcode 14.0";
			developmentRegion = en;
			hasScannedForEncodings = 0;
			knownRegions = (
				en,
				Base,
			);
			mainGroup = DAB28B102BE4E9C6001FC02E;
			productRefGroup = DAB28B1A2BE4E9C6001FC02E /* Products */;
			projectDirPath = "";
			projectRoot = "";
			targets = (
				DAB28B182BE4E9C6001FC02E /* WeatherApp */,
			);
		};
/* End PBXProject section */

/* Begin PBXResourcesBuildPhase section */
		DAB28B172BE4E9C6001FC02E /* Resources */ = {
			isa = PBXResourcesBuildPhase;
			buildActionMask = 2147483647;
			files = (
				DAB28B262BE4E9CB001FC02E /* Assets.xcassets in Resources */,
				DAB28B292BE4E9CB001FC02E /* Base in Resources */,
				DAB28B432BE4FA91001FC02E /* Mainpage.xib in Resources */,
				DADCEF562BE54DB10008E95A /* SelectDateWeather.xib in Resources */,
				DADCEF442BE5323A0008E95A /* ShowDailyWeatherTableViewCell.xib in Resources */,
			);
			runOnlyForDeploymentPostprocessing = 0;
		};
/* End PBXResourcesBuildPhase section */

/* Begin PBXSourcesBuildPhase section */
		DAB28B152BE4E9C6001FC02E /* Sources */ = {
			isa = PBXSourcesBuildPhase;
			buildActionMask = 2147483647;
			files = (
				DAB28B212BE4E9C6001FC02E /* ViewController.swift in Sources */,
				DADCEF392BE51B110008E95A /* NetworkAPI.swift in Sources */,
				DAB28B1D2BE4E9C6001FC02E /* AppDelegate.swift in Sources */,
				DAB28B3C2BE4EB2D001FC02E /* MainpagePresenter.swift in Sources */,
				DAB28B3D2BE4EB2D001FC02E /* MainpageWorker.swift in Sources */,
				DAB28B3E2BE4EB2D001FC02E /* MainpageRouter.swift in Sources */,
				DADCEF582BE54F8C0008E95A /* DisplayWeatherTimeModel.swift in Sources */,
				DAB28B3F2BE4EB2D001FC02E /* MainpageModels.swift in Sources */,
				DADCEF3F2BE5281C0008E95A /* WeatherDate.swift in Sources */,
				DADCEF452BE5323A0008E95A /* ShowDailyWeatherTableViewCell.swift in Sources */,
				DAB28B402BE4EB2D001FC02E /* MainpageViewController.swift in Sources */,
				DAB28B412BE4EB2D001FC02E /* MainpageInteractor.swift in Sources */,
				DAB28B1F2BE4E9C6001FC02E /* SceneDelegate.swift in Sources */,
				DADCEF3C2BE51B810008E95A /* WeatherModel.swift in Sources */,
				DADCEF4F2BE54DA30008E95A /* SelectDateWeatherPresenter.swift in Sources */,
				DADCEF502BE54DA30008E95A /* SelectDateWeatherWorker.swift in Sources */,
				DADCEF512BE54DA30008E95A /* SelectDateWeatherRouter.swift in Sources */,
				DADCEF522BE54DA30008E95A /* SelectDateWeatherModels.swift in Sources */,
				DADCEF532BE54DA30008E95A /* SelectDateWeatherViewController.swift in Sources */,
				DADCEF542BE54DA30008E95A /* SelectDateWeatherInteractor.swift in Sources */,
			);
			runOnlyForDeploymentPostprocessing = 0;
		};
/* End PBXSourcesBuildPhase section */

/* Begin PBXVariantGroup section */
		DAB28B272BE4E9CB001FC02E /* LaunchScreen.storyboard */ = {
			isa = PBXVariantGroup;
			children = (
				DAB28B282BE4E9CB001FC02E /* Base */,
			);
			name = LaunchScreen.storyboard;
			sourceTree = "<group>";
		};
/* End PBXVariantGroup section */

/* Begin XCBuildConfiguration section */
		DAB28B2B2BE4E9CB001FC02E /* Debug */ = {
			isa = XCBuildConfiguration;
			buildSettings = {
				ALWAYS_SEARCH_USER_PATHS = NO;
				ASSETCATALOG_COMPILER_GENERATE_SWIFT_ASSET_SYMBOL_EXTENSIONS = YES;
				CLANG_ANALYZER_NONNULL = YES;
				CLANG_ANALYZER_NUMBER_OBJECT_CONVERSION = YES_AGGRESSIVE;
				CLANG_CXX_LANGUAGE_STANDARD = "gnu++20";
				CLANG_ENABLE_MODULES = YES;
				CLANG_ENABLE_OBJC_ARC = YES;
				CLANG_ENABLE_OBJC_WEAK = YES;
				CLANG_WARN_BLOCK_CAPTURE_AUTORELEASING = YES;
				CLANG_WARN_BOOL_CONVERSION = YES;
				CLANG_WARN_COMMA = YES;
				CLANG_WARN_CONSTANT_CONVERSION = YES;
				CLANG_WARN_DEPRECATED_OBJC_IMPLEMENTATIONS = YES;
				CLANG_WARN_DIRECT_OBJC_ISA_USAGE = YES_ERROR;
				CLANG_WARN_DOCUMENTATION_COMMENTS = YES;
				CLANG_WARN_EMPTY_BODY = YES;
				CLANG_WARN_ENUM_CONVERSION = YES;
				CLANG_WARN_INFINITE_RECURSION = YES;
				CLANG_WARN_INT_CONVERSION = YES;
				CLANG_WARN_NON_LITERAL_NULL_CONVERSION = YES;
				CLANG_WARN_OBJC_IMPLICIT_RETAIN_SELF = YES;
				CLANG_WARN_OBJC_LITERAL_CONVERSION = YES;
				CLANG_WARN_OBJC_ROOT_CLASS = YES_ERROR;
				CLANG_WARN_QUOTED_INCLUDE_IN_FRAMEWORK_HEADER = YES;
				CLANG_WARN_RANGE_LOOP_ANALYSIS = YES;
				CLANG_WARN_STRICT_PROTOTYPES = YES;
				CLANG_WARN_SUSPICIOUS_MOVE = YES;
				CLANG_WARN_UNGUARDED_AVAILABILITY = YES_AGGRESSIVE;
				CLANG_WARN_UNREACHABLE_CODE = YES;
				CLANG_WARN__DUPLICATE_METHOD_MATCH = YES;
				COPY_PHASE_STRIP = NO;
				DEBUG_INFORMATION_FORMAT = dwarf;
				ENABLE_STRICT_OBJC_MSGSEND = YES;
				ENABLE_TESTABILITY = YES;
				ENABLE_USER_SCRIPT_SANDBOXING = YES;
				GCC_C_LANGUAGE_STANDARD = gnu17;
				GCC_DYNAMIC_NO_PIC = NO;
				GCC_NO_COMMON_BLOCKS = YES;
				GCC_OPTIMIZATION_LEVEL = 0;
				GCC_PREPROCESSOR_DEFINITIONS = (
					"DEBUG=1",
					"$(inherited)",
				);
				GCC_WARN_64_TO_32_BIT_CONVERSION = YES;
				GCC_WARN_ABOUT_RETURN_TYPE = YES_ERROR;
				GCC_WARN_UNDECLARED_SELECTOR = YES;
				GCC_WARN_UNINITIALIZED_AUTOS = YES_AGGRESSIVE;
				GCC_WARN_UNUSED_FUNCTION = YES;
				GCC_WARN_UNUSED_VARIABLE = YES;
				IPHONEOS_DEPLOYMENT_TARGET = 17.4;
				LOCALIZATION_PREFERS_STRING_CATALOGS = YES;
				MTL_ENABLE_DEBUG_INFO = INCLUDE_SOURCE;
				MTL_FAST_MATH = YES;
				ONLY_ACTIVE_ARCH = YES;
				SDKROOT = iphoneos;
				SWIFT_ACTIVE_COMPILATION_CONDITIONS = "DEBUG $(inherited)";
				SWIFT_OPTIMIZATION_LEVEL = "-Onone";
			};
			name = Debug;
		};
		DAB28B2C2BE4E9CB001FC02E /* Release */ = {
			isa = XCBuildConfiguration;
			buildSettings = {
				ALWAYS_SEARCH_USER_PATHS = NO;
				ASSETCATALOG_COMPILER_GENERATE_SWIFT_ASSET_SYMBOL_EXTENSIONS = YES;
				CLANG_ANALYZER_NONNULL = YES;
				CLANG_ANALYZER_NUMBER_OBJECT_CONVERSION = YES_AGGRESSIVE;
				CLANG_CXX_LANGUAGE_STANDARD = "gnu++20";
				CLANG_ENABLE_MODULES = YES;
				CLANG_ENABLE_OBJC_ARC = YES;
				CLANG_ENABLE_OBJC_WEAK = YES;
				CLANG_WARN_BLOCK_CAPTURE_AUTORELEASING = YES;
				CLANG_WARN_BOOL_CONVERSION = YES;
				CLANG_WARN_COMMA = YES;
				CLANG_WARN_CONSTANT_CONVERSION = YES;
				CLANG_WARN_DEPRECATED_OBJC_IMPLEMENTATIONS = YES;
				CLANG_WARN_DIRECT_OBJC_ISA_USAGE = YES_ERROR;
				CLANG_WARN_DOCUMENTATION_COMMENTS = YES;
				CLANG_WARN_EMPTY_BODY = YES;
				CLANG_WARN_ENUM_CONVERSION = YES;
				CLANG_WARN_INFINITE_RECURSION = YES;
				CLANG_WARN_INT_CONVERSION = YES;
				CLANG_WARN_NON_LITERAL_NULL_CONVERSION = YES;
				CLANG_WARN_OBJC_IMPLICIT_RETAIN_SELF = YES;
				CLANG_WARN_OBJC_LITERAL_CONVERSION = YES;
				CLANG_WARN_OBJC_ROOT_CLASS = YES_ERROR;
				CLANG_WARN_QUOTED_INCLUDE_IN_FRAMEWORK_HEADER = YES;
				CLANG_WARN_RANGE_LOOP_ANALYSIS = YES;
				CLANG_WARN_STRICT_PROTOTYPES = YES;
				CLANG_WARN_SUSPICIOUS_MOVE = YES;
				CLANG_WARN_UNGUARDED_AVAILABILITY = YES_AGGRESSIVE;
				CLANG_WARN_UNREACHABLE_CODE = YES;
				CLANG_WARN__DUPLICATE_METHOD_MATCH = YES;
				COPY_PHASE_STRIP = NO;
				DEBUG_INFORMATION_FORMAT = "dwarf-with-dsym";
				ENABLE_NS_ASSERTIONS = NO;
				ENABLE_STRICT_OBJC_MSGSEND = YES;
				ENABLE_USER_SCRIPT_SANDBOXING = YES;
				GCC_C_LANGUAGE_STANDARD = gnu17;
				GCC_NO_COMMON_BLOCKS = YES;
				GCC_WARN_64_TO_32_BIT_CONVERSION = YES;
				GCC_WARN_ABOUT_RETURN_TYPE = YES_ERROR;
				GCC_WARN_UNDECLARED_SELECTOR = YES;
				GCC_WARN_UNINITIALIZED_AUTOS = YES_AGGRESSIVE;
				GCC_WARN_UNUSED_FUNCTION = YES;
				GCC_WARN_UNUSED_VARIABLE = YES;
				IPHONEOS_DEPLOYMENT_TARGET = 17.4;
				LOCALIZATION_PREFERS_STRING_CATALOGS = YES;
				MTL_ENABLE_DEBUG_INFO = NO;
				MTL_FAST_MATH = YES;
				SDKROOT = iphoneos;
				SWIFT_COMPILATION_MODE = wholemodule;
				VALIDATE_PRODUCT = YES;
			};
			name = Release;
		};
		DAB28B2E2BE4E9CB001FC02E /* Debug */ = {
			isa = XCBuildConfiguration;
			buildSettings = {
				ASSETCATALOG_COMPILER_APPICON_NAME = AppIcon;
				ASSETCATALOG_COMPILER_GLOBAL_ACCENT_COLOR_NAME = AccentColor;
				CODE_SIGN_STYLE = Automatic;
				CURRENT_PROJECT_VERSION = 1;
				GENERATE_INFOPLIST_FILE = YES;
				INFOPLIST_FILE = WeatherApp/Info.plist;
				INFOPLIST_KEY_UIApplicationSupportsIndirectInputEvents = YES;
				INFOPLIST_KEY_UILaunchStoryboardName = LaunchScreen;
				INFOPLIST_KEY_UIMainStoryboardFile = "";
				INFOPLIST_KEY_UISupportedInterfaceOrientations_iPad = "UIInterfaceOrientationPortrait UIInterfaceOrientationPortraitUpsideDown UIInterfaceOrientationLandscapeLeft UIInterfaceOrientationLandscapeRight";
				INFOPLIST_KEY_UISupportedInterfaceOrientations_iPhone = "UIInterfaceOrientationPortrait UIInterfaceOrientationLandscapeLeft UIInterfaceOrientationLandscapeRight";
				LD_RUNPATH_SEARCH_PATHS = (
					"$(inherited)",
					"@executable_path/Frameworks",
				);
				MARKETING_VERSION = 1.0;
				PRODUCT_BUNDLE_IDENTIFIER = PP.WeatherApp;
				PRODUCT_NAME = "$(TARGET_NAME)";
				SWIFT_EMIT_LOC_STRINGS = YES;
				SWIFT_VERSION = 5.0;
				TARGETED_DEVICE_FAMILY = "1,2";
			};
			name = Debug;
		};
		DAB28B2F2BE4E9CB001FC02E /* Release */ = {
			isa = XCBuildConfiguration;
			buildSettings = {
				ASSETCATALOG_COMPILER_APPICON_NAME = AppIcon;
				ASSETCATALOG_COMPILER_GLOBAL_ACCENT_COLOR_NAME = AccentColor;
				CODE_SIGN_STYLE = Automatic;
				CURRENT_PROJECT_VERSION = 1;
				GENERATE_INFOPLIST_FILE = YES;
				INFOPLIST_FILE = WeatherApp/Info.plist;
				INFOPLIST_KEY_UIApplicationSupportsIndirectInputEvents = YES;
				INFOPLIST_KEY_UILaunchStoryboardName = LaunchScreen;
				INFOPLIST_KEY_UIMainStoryboardFile = "";
				INFOPLIST_KEY_UISupportedInterfaceOrientations_iPad = "UIInterfaceOrientationPortrait UIInterfaceOrientationPortraitUpsideDown UIInterfaceOrientationLandscapeLeft UIInterfaceOrientationLandscapeRight";
				INFOPLIST_KEY_UISupportedInterfaceOrientations_iPhone = "UIInterfaceOrientationPortrait UIInterfaceOrientationLandscapeLeft UIInterfaceOrientationLandscapeRight";
				LD_RUNPATH_SEARCH_PATHS = (
					"$(inherited)",
					"@executable_path/Frameworks",
				);
				MARKETING_VERSION = 1.0;
				PRODUCT_BUNDLE_IDENTIFIER = PP.WeatherApp;
				PRODUCT_NAME = "$(TARGET_NAME)";
				SWIFT_EMIT_LOC_STRINGS = YES;
				SWIFT_VERSION = 5.0;
				TARGETED_DEVICE_FAMILY = "1,2";
			};
			name = Release;
		};
/* End XCBuildConfiguration section */

/* Begin XCConfigurationList section */
		DAB28B142BE4E9C6001FC02E /* Build configuration list for PBXProject "WeatherApp" */ = {
			isa = XCConfigurationList;
			buildConfigurations = (
				DAB28B2B2BE4E9CB001FC02E /* Debug */,
				DAB28B2C2BE4E9CB001FC02E /* Release */,
			);
			defaultConfigurationIsVisible = 0;
			defaultConfigurationName = Release;
		};
		DAB28B2D2BE4E9CB001FC02E /* Build configuration list for PBXNativeTarget "WeatherApp" */ = {
			isa = XCConfigurationList;
			buildConfigurations = (
				DAB28B2E2BE4E9CB001FC02E /* Debug */,
				DAB28B2F2BE4E9CB001FC02E /* Release */,
			);
			defaultConfigurationIsVisible = 0;
			defaultConfigurationName = Release;
		};
/* End XCConfigurationList section */
	};
	rootObject = DAB28B112BE4E9C6001FC02E /* Project object */;
}
